
Microsoft Visual Studio Solution File, Format Version 12.00
# Visual Studio Version 17
VisualStudioVersion = 17.14.36221.1
MinimumVisualStudioVersion = 10.0.40219.1
Project("{FAE04EC0-301F-11D3-BF4B-00C04F79EFBC}") = "book_lib", "book_lib\book_lib.csproj", "{D4CE924A-CFB3-4E0D-A519-A5CE711E5590}"
EndProject
Global
	GlobalSection(SolutionConfigurationPlatforms) = preSolution
		Debug|Any CPU = Debug|Any CPU
		Release|Any CPU = Release|Any CPU
	EndGlobalSection
	GlobalSection(ProjectConfigurationPlatforms) = postSolution
		{D4CE924A-CFB3-4E0D-A519-A5CE711E5590}.Debug|Any CPU.ActiveCfg = Debug|Any CPU
		{D4CE924A-CFB3-4E0D-A519-A5CE711E5590}.Debug|Any CPU.Build.0 = Debug|Any CPU
		{D4CE924A-CFB3-4E0D-A519-A5CE711E5590}.Release|Any CPU.ActiveCfg = Release|Any CPU
		{D4CE924A-CFB3-4E0D-A519-A5CE711E5590}.Release|Any CPU.Build.0 = Release|Any CPU
	EndGlobalSection
	GlobalSection(SolutionProperties) = preSolution
		HideSolutionNode = FALSE
	EndGlobalSection
	GlobalSection(ExtensibilityGlobals) = postSolution
		SolutionGuid = {4DC8C851-27FB-4628-B533-730AEF6BF91B}
	EndGlobalSection
EndGlobal
